
Microsoft Visual Studio Solution File, Format Version 12.00
# Visual Studio 2012
Project("{FAE04EC0-301F-11D3-BF4B-00C04F79EFBC}") = "GA.SuperSocket.MobileApp", "GA.SuperSocket.MobileApp\GA.SuperSocket.MobileApp.csproj", "{6ED91FD1-87F4-4E60-9034-D24F59599064}"
EndProject
Global
	GlobalSection(SolutionConfigurationPlatforms) = preSolution
		Debug|Any CPU = Debug|Any CPU
		Release|Any CPU = Release|Any CPU
	EndGlobalSection
	GlobalSection(ProjectConfigurationPlatforms) = postSolution
		{6ED91FD1-87F4-4E60-9034-D24F59599064}.Debug|Any CPU.ActiveCfg = Debug|Any CPU
		{6ED91FD1-87F4-4E60-9034-D24F59599064}.Debug|Any CPU.Build.0 = Debug|Any CPU
		{6ED91FD1-87F4-4E60-9034-D24F59599064}.Release|Any CPU.ActiveCfg = Release|Any CPU
		{6ED91FD1-87F4-4E60-9034-D24F59599064}.Release|Any CPU.Build.0 = Release|Any CPU
	EndGlobalSection
	GlobalSection(SolutionProperties) = preSolution
		HideSolutionNode = FALSE
	EndGlobalSection
EndGlobal
